
Microsoft Visual Studio Solution File, Format Version 12.00
# Visual Studio Version 16
VisualStudioVersion = 16.0.30320.27
MinimumVisualStudioVersion = 10.0.40219.1
Project("{FAE04EC0-301F-11D3-BF4B-00C04F79EFBC}") = "TestPPOE", "TestPPOE\TestPPOE.csproj", "{F5CC05F9-E0B3-4938-ACFC-B7D2ADD079A4}"
EndProject
Project("{FAE04EC0-301F-11D3-BF4B-00C04F79EFBC}") = "NetWorkProject", "NetWorkProject\NetWorkProject.csproj", "{15031698-36B6-4E7F-9DFE-902B12141E71}"
EndProject
Project("{FAE04EC0-301F-11D3-BF4B-00C04F79EFBC}") = "SqliteDemo", "SqliteDemo\SqliteDemo.csproj", "{19BD064D-EFA2-40F6-9CF4-6A3F787EC08A}"
EndProject
Project("{FAE04EC0-301F-11D3-BF4B-00C04F79EFBC}") = "ViewModel", "ViewModel\ViewModel.csproj", "{FE026BA6-B6F8-4C41-8BDC-B075BDACBBA0}"
EndProject
Project("{FAE04EC0-301F-11D3-BF4B-00C04F79EFBC}") = "UIModel", "Model\UIModel.csproj", "{6A2FAEA0-63B2-4325-8B37-31E2B3CAC3F9}"
EndProject
Project("{FAE04EC0-301F-11D3-BF4B-00C04F79EFBC}") = "EntityframWork", "EntityframWork\EntityframWork.csproj", "{50B21CAA-21CA-41D8-B301-F6D18904A461}"
EndProject
Project("{FAE04EC0-301F-11D3-BF4B-00C04F79EFBC}") = "DBModel", "DBModel\DBModel.csproj", "{7B5960AB-6725-48B4-B16C-5B7A44D51F1F}"
EndProject
Project("{FAE04EC0-301F-11D3-BF4B-00C04F79EFBC}") = "RabbitMQ", "RabbitMQ\RabbitMQ.csproj", "{63083AA9-D236-4A18-AB0F-3D8A47780039}"
EndProject
Project("{FAE04EC0-301F-11D3-BF4B-00C04F79EFBC}") = "RabbitMQSend", "RabbitMQSend\RabbitMQSend.csproj", "{A35C2A44-3A0C-4173-8EF9-0D17A4BB4DFB}"
EndProject
Project("{FAE04EC0-301F-11D3-BF4B-00C04F79EFBC}") = "RabbitMQRev", "RabbitMQRev\RabbitMQRev.csproj", "{33DC5460-3D57-42CA-B98A-4101D187C28F}"
EndProject
Project("{FAE04EC0-301F-11D3-BF4B-00C04F79EFBC}") = "UnitTest", "UnitTest\UnitTest.csproj", "{942EC221-8C00-4BE3-B290-DFAF1CE57DB6}"
EndProject
Project("{FAE04EC0-301F-11D3-BF4B-00C04F79EFBC}") = "WpfCatchWeb", "WpfCatchWeb\WpfCatchWeb.csproj", "{76BB04FD-67D9-4527-AD1D-C8FBA4548CF6}"
EndProject
Project("{FAE04EC0-301F-11D3-BF4B-00C04F79EFBC}") = "OZIPROpen", "OZIPROpen\OZIPROpen.csproj", "{0135F2F0-980F-4741-AEC7-5B810111BD3F}"
EndProject
Project("{FAE04EC0-301F-11D3-BF4B-00C04F79EFBC}") = "SendeMessageControl", "SendeMessageControl\SendeMessageControl.csproj", "{0B4183A3-68BE-4681-8984-572C2EADA434}"
EndProject
Project("{FAE04EC0-301F-11D3-BF4B-00C04F79EFBC}") = "WpfWebTest", "WpfWebTest\WpfWebTest.csproj", "{795EB1E7-A2C3-4F5E-92C7-3DECD47BE8B2}"
EndProject
Project("{FAE04EC0-301F-11D3-BF4B-00C04F79EFBC}") = "Utility", "Utility\Utility.csproj", "{B27F4CF2-CCCA-4C3B-80B8-52752179C3BD}"
EndProject
Project("{FAE04EC0-301F-11D3-BF4B-00C04F79EFBC}") = "WpfFileMatch", "WpfFileMatch\WpfFileMatch.csproj", "{AA8F6036-AEA2-4DDD-B5B4-D173F19D1500}"
EndProject
Project("{FAE04EC0-301F-11D3-BF4B-00C04F79EFBC}") = "WpfSerioport", "WpfSerioport\WpfSerioport.csproj", "{73A0BE37-0B32-407E-9C2A-3A957FFD3241}"
EndProject
Project("{FAE04EC0-301F-11D3-BF4B-00C04F79EFBC}") = "SendEmail", "SendEmail\SendEmail.csproj", "{4847A648-D719-4A9A-B2FD-C5604A4A561A}"
EndProject
Project("{FAE04EC0-301F-11D3-BF4B-00C04F79EFBC}") = "ThreadTestAsyncAwait", "ThreadTestAsyncAwait\ThreadTestAsyncAwait.csproj", "{DC843ADC-8E80-4749-9CD2-E4EBC7ABA980}"
EndProject
Global
	GlobalSection(SolutionConfigurationPlatforms) = preSolution
		Debug|Any CPU = Debug|Any CPU
		Debug|x86 = Debug|x86
		Release|Any CPU = Release|Any CPU
		Release|x86 = Release|x86
	EndGlobalSection
	GlobalSection(ProjectConfigurationPlatforms) = postSolution
		{F5CC05F9-E0B3-4938-ACFC-B7D2ADD079A4}.Debug|Any CPU.ActiveCfg = Debug|Any CPU
		{F5CC05F9-E0B3-4938-ACFC-B7D2ADD079A4}.Debug|Any CPU.Build.0 = Debug|Any CPU
		{F5CC05F9-E0B3-4938-ACFC-B7D2ADD079A4}.Debug|x86.ActiveCfg = Debug|x86
		{F5CC05F9-E0B3-4938-ACFC-B7D2ADD079A4}.Debug|x86.Build.0 = Debug|x86
		{F5CC05F9-E0B3-4938-ACFC-B7D2ADD079A4}.Release|Any CPU.ActiveCfg = Release|Any CPU
		{F5CC05F9-E0B3-4938-ACFC-B7D2ADD079A4}.Release|Any CPU.Build.0 = Release|Any CPU
		{F5CC05F9-E0B3-4938-ACFC-B7D2ADD079A4}.Release|x86.ActiveCfg = Release|x86
		{F5CC05F9-E0B3-4938-ACFC-B7D2ADD079A4}.Release|x86.Build.0 = Release|x86
		{15031698-36B6-4E7F-9DFE-902B12141E71}.Debug|Any CPU.ActiveCfg = Debug|Any CPU
		{15031698-36B6-4E7F-9DFE-902B12141E71}.Debug|Any CPU.Build.0 = Debug|Any CPU
		{15031698-36B6-4E7F-9DFE-902B12141E71}.Debug|x86.ActiveCfg = Debug|x86
		{15031698-36B6-4E7F-9DFE-902B12141E71}.Debug|x86.Build.0 = Debug|x86
		{15031698-36B6-4E7F-9DFE-902B12141E71}.Release|Any CPU.ActiveCfg = Release|Any CPU
		{15031698-36B6-4E7F-9DFE-902B12141E71}.Release|Any CPU.Build.0 = Release|Any CPU
		{15031698-36B6-4E7F-9DFE-902B12141E71}.Release|x86.ActiveCfg = Release|x86
		{15031698-36B6-4E7F-9DFE-902B12141E71}.Release|x86.Build.0 = Release|x86
		{19BD064D-EFA2-40F6-9CF4-6A3F787EC08A}.Debug|Any CPU.ActiveCfg = Debug|Any CPU
		{19BD064D-EFA2-40F6-9CF4-6A3F787EC08A}.Debug|Any CPU.Build.0 = Debug|Any CPU
		{19BD064D-EFA2-40F6-9CF4-6A3F787EC08A}.Debug|x86.ActiveCfg = Debug|x86
		{19BD064D-EFA2-40F6-9CF4-6A3F787EC08A}.Debug|x86.Build.0 = Debug|x86
		{19BD064D-EFA2-40F6-9CF4-6A3F787EC08A}.Release|Any CPU.ActiveCfg = Release|Any CPU
		{19BD064D-EFA2-40F6-9CF4-6A3F787EC08A}.Release|Any CPU.Build.0 = Release|Any CPU
		{19BD064D-EFA2-40F6-9CF4-6A3F787EC08A}.Release|x86.ActiveCfg = Release|x86
		{19BD064D-EFA2-40F6-9CF4-6A3F787EC08A}.Release|x86.Build.0 = Release|x86
		{FE026BA6-B6F8-4C41-8BDC-B075BDACBBA0}.Debug|Any CPU.ActiveCfg = Debug|Any CPU
		{FE026BA6-B6F8-4C41-8BDC-B075BDACBBA0}.Debug|Any CPU.Build.0 = Debug|Any CPU
		{FE026BA6-B6F8-4C41-8BDC-B075BDACBBA0}.Debug|x86.ActiveCfg = Debug|x86
		{FE026BA6-B6F8-4C41-8BDC-B075BDACBBA0}.Debug|x86.Build.0 = Debug|x86
		{FE026BA6-B6F8-4C41-8BDC-B075BDACBBA0}.Release|Any CPU.ActiveCfg = Release|Any CPU
		{FE026BA6-B6F8-4C41-8BDC-B075BDACBBA0}.Release|Any CPU.Build.0 = Release|Any CPU
		{FE026BA6-B6F8-4C41-8BDC-B075BDACBBA0}.Release|x86.ActiveCfg = Release|x86
		{FE026BA6-B6F8-4C41-8BDC-B075BDACBBA0}.Release|x86.Build.0 = Release|x86
		{6A2FAEA0-63B2-4325-8B37-31E2B3CAC3F9}.Debug|Any CPU.ActiveCfg = Debug|Any CPU
		{6A2FAEA0-63B2-4325-8B37-31E2B3CAC3F9}.Debug|Any CPU.Build.0 = Debug|Any CPU
		{6A2FAEA0-63B2-4325-8B37-31E2B3CAC3F9}.Debug|x86.ActiveCfg = Debug|x86
		{6A2FAEA0-63B2-4325-8B37-31E2B3CAC3F9}.Debug|x86.Build.0 = Debug|x86
		{6A2FAEA0-63B2-4325-8B37-31E2B3CAC3F9}.Release|Any CPU.ActiveCfg = Release|Any CPU
		{6A2FAEA0-63B2-4325-8B37-31E2B3CAC3F9}.Release|Any CPU.Build.0 = Release|Any CPU
		{6A2FAEA0-63B2-4325-8B37-31E2B3CAC3F9}.Release|x86.ActiveCfg = Release|x86
		{6A2FAEA0-63B2-4325-8B37-31E2B3CAC3F9}.Release|x86.Build.0 = Release|x86
		{50B21CAA-21CA-41D8-B301-F6D18904A461}.Debug|Any CPU.ActiveCfg = Debug|Any CPU
		{50B21CAA-21CA-41D8-B301-F6D18904A461}.Debug|Any CPU.Build.0 = Debug|Any CPU
		{50B21CAA-21CA-41D8-B301-F6D18904A461}.Debug|x86.ActiveCfg = Debug|x86
		{50B21CAA-21CA-41D8-B301-F6D18904A461}.Debug|x86.Build.0 = Debug|x86
		{50B21CAA-21CA-41D8-B301-F6D18904A461}.Release|Any CPU.ActiveCfg = Release|Any CPU
		{50B21CAA-21CA-41D8-B301-F6D18904A461}.Release|Any CPU.Build.0 = Release|Any CPU
		{50B21CAA-21CA-41D8-B301-F6D18904A461}.Release|x86.ActiveCfg = Release|x86
		{50B21CAA-21CA-41D8-B301-F6D18904A461}.Release|x86.Build.0 = Release|x86
		{7B5960AB-6725-48B4-B16C-5B7A44D51F1F}.Debug|Any CPU.ActiveCfg = Debug|Any CPU
		{7B5960AB-6725-48B4-B16C-5B7A44D51F1F}.Debug|Any CPU.Build.0 = Debug|Any CPU
		{7B5960AB-6725-48B4-B16C-5B7A44D51F1F}.Debug|x86.ActiveCfg = Debug|x86
		{7B5960AB-6725-48B4-B16C-5B7A44D51F1F}.Debug|x86.Build.0 = Debug|x86
		{7B5960AB-6725-48B4-B16C-5B7A44D51F1F}.Release|Any CPU.ActiveCfg = Release|Any CPU
		{7B5960AB-6725-48B4-B16C-5B7A44D51F1F}.Release|Any CPU.Build.0 = Release|Any CPU
		{7B5960AB-6725-48B4-B16C-5B7A44D51F1F}.Release|x86.ActiveCfg = Release|x86
		{7B5960AB-6725-48B4-B16C-5B7A44D51F1F}.Release|x86.Build.0 = Release|x86
		{63083AA9-D236-4A18-AB0F-3D8A47780039}.Debug|Any CPU.ActiveCfg = Debug|Any CPU
		{63083AA9-D236-4A18-AB0F-3D8A47780039}.Debug|Any CPU.Build.0 = Debug|Any CPU
		{63083AA9-D236-4A18-AB0F-3D8A47780039}.Debug|x86.ActiveCfg = Debug|x86
		{63083AA9-D236-4A18-AB0F-3D8A47780039}.Debug|x86.Build.0 = Debug|x86
		{63083AA9-D236-4A18-AB0F-3D8A47780039}.Release|Any CPU.ActiveCfg = Release|Any CPU
		{63083AA9-D236-4A18-AB0F-3D8A47780039}.Release|Any CPU.Build.0 = Release|Any CPU
		{63083AA9-D236-4A18-AB0F-3D8A47780039}.Release|x86.ActiveCfg = Release|x86
		{63083AA9-D236-4A18-AB0F-3D8A47780039}.Release|x86.Build.0 = Release|x86
		{A35C2A44-3A0C-4173-8EF9-0D17A4BB4DFB}.Debug|Any CPU.ActiveCfg = Debug|Any CPU
		{A35C2A44-3A0C-4173-8EF9-0D17A4BB4DFB}.Debug|Any CPU.Build.0 = Debug|Any CPU
		{A35C2A44-3A0C-4173-8EF9-0D17A4BB4DFB}.Debug|x86.ActiveCfg = Debug|x86
		{A35C2A44-3A0C-4173-8EF9-0D17A4BB4DFB}.Debug|x86.Build.0 = Debug|x86
		{A35C2A44-3A0C-4173-8EF9-0D17A4BB4DFB}.Release|Any CPU.ActiveCfg = Release|Any CPU
		{A35C2A44-3A0C-4173-8EF9-0D17A4BB4DFB}.Release|Any CPU.Build.0 = Release|Any CPU
		{A35C2A44-3A0C-4173-8EF9-0D17A4BB4DFB}.Release|x86.ActiveCfg = Release|x86
		{A35C2A44-3A0C-4173-8EF9-0D17A4BB4DFB}.Release|x86.Build.0 = Release|x86
		{33DC5460-3D57-42CA-B98A-4101D187C28F}.Debug|Any CPU.ActiveCfg = Debug|Any CPU
		{33DC5460-3D57-42CA-B98A-4101D187C28F}.Debug|Any CPU.Build.0 = Debug|Any CPU
		{33DC5460-3D57-42CA-B98A-4101D187C28F}.Debug|x86.ActiveCfg = Debug|x86
		{33DC5460-3D57-42CA-B98A-4101D187C28F}.Debug|x86.Build.0 = Debug|x86
		{33DC5460-3D57-42CA-B98A-4101D187C28F}.Release|Any CPU.ActiveCfg = Release|Any CPU
		{33DC5460-3D57-42CA-B98A-4101D187C28F}.Release|Any CPU.Build.0 = Release|Any CPU
		{33DC5460-3D57-42CA-B98A-4101D187C28F}.Release|x86.ActiveCfg = Release|x86
		{33DC5460-3D57-42CA-B98A-4101D187C28F}.Release|x86.Build.0 = Release|x86
		{942EC221-8C00-4BE3-B290-DFAF1CE57DB6}.Debug|Any CPU.ActiveCfg = Debug|Any CPU
		{942EC221-8C00-4BE3-B290-DFAF1CE57DB6}.Debug|Any CPU.Build.0 = Debug|Any CPU
		{942EC221-8C00-4BE3-B290-DFAF1CE57DB6}.Debug|x86.ActiveCfg = Debug|x86
		{942EC221-8C00-4BE3-B290-DFAF1CE57DB6}.Debug|x86.Build.0 = Debug|x86
		{942EC221-8C00-4BE3-B290-DFAF1CE57DB6}.Release|Any CPU.ActiveCfg = Release|Any CPU
		{942EC221-8C00-4BE3-B290-DFAF1CE57DB6}.Release|Any CPU.Build.0 = Release|Any CPU
		{942EC221-8C00-4BE3-B290-DFAF1CE57DB6}.Release|x86.ActiveCfg = Release|x86
		{942EC221-8C00-4BE3-B290-DFAF1CE57DB6}.Release|x86.Build.0 = Release|x86
		{76BB04FD-67D9-4527-AD1D-C8FBA4548CF6}.Debug|Any CPU.ActiveCfg = Debug|Any CPU
		{76BB04FD-67D9-4527-AD1D-C8FBA4548CF6}.Debug|Any CPU.Build.0 = Debug|Any CPU
		{76BB04FD-67D9-4527-AD1D-C8FBA4548CF6}.Debug|x86.ActiveCfg = Debug|x86
		{76BB04FD-67D9-4527-AD1D-C8FBA4548CF6}.Debug|x86.Build.0 = Debug|x86
		{76BB04FD-67D9-4527-AD1D-C8FBA4548CF6}.Release|Any CPU.ActiveCfg = Release|Any CPU
		{76BB04FD-67D9-4527-AD1D-C8FBA4548CF6}.Release|Any CPU.Build.0 = Release|Any CPU
		{76BB04FD-67D9-4527-AD1D-C8FBA4548CF6}.Release|x86.ActiveCfg = Release|x86
		{76BB04FD-67D9-4527-AD1D-C8FBA4548CF6}.Release|x86.Build.0 = Release|x86
		{0135F2F0-980F-4741-AEC7-5B810111BD3F}.Debug|Any CPU.ActiveCfg = Debug|Any CPU
		{0135F2F0-980F-4741-AEC7-5B810111BD3F}.Debug|Any CPU.Build.0 = Debug|Any CPU
		{0135F2F0-980F-4741-AEC7-5B810111BD3F}.Debug|x86.ActiveCfg = Debug|x86
		{0135F2F0-980F-4741-AEC7-5B810111BD3F}.Debug|x86.Build.0 = Debug|x86
		{0135F2F0-980F-4741-AEC7-5B810111BD3F}.Release|Any CPU.ActiveCfg = Release|Any CPU
		{0135F2F0-980F-4741-AEC7-5B810111BD3F}.Release|Any CPU.Build.0 = Release|Any CPU
		{0135F2F0-980F-4741-AEC7-5B810111BD3F}.Release|x86.ActiveCfg = Release|x86
		{0135F2F0-980F-4741-AEC7-5B810111BD3F}.Release|x86.Build.0 = Release|x86
		{0B4183A3-68BE-4681-8984-572C2EADA434}.Debug|Any CPU.ActiveCfg = Debug|Any CPU
		{0B4183A3-68BE-4681-8984-572C2EADA434}.Debug|Any CPU.Build.0 = Debug|Any CPU
		{0B4183A3-68BE-4681-8984-572C2EADA434}.Debug|x86.ActiveCfg = Debug|x86
		{0B4183A3-68BE-4681-8984-572C2EADA434}.Debug|x86.Build.0 = Debug|x86
		{0B4183A3-68BE-4681-8984-572C2EADA434}.Release|Any CPU.ActiveCfg = Release|Any CPU
		{0B4183A3-68BE-4681-8984-572C2EADA434}.Release|Any CPU.Build.0 = Release|Any CPU
		{0B4183A3-68BE-4681-8984-572C2EADA434}.Release|x86.ActiveCfg = Release|x86
		{0B4183A3-68BE-4681-8984-572C2EADA434}.Release|x86.Build.0 = Release|x86
		{795EB1E7-A2C3-4F5E-92C7-3DECD47BE8B2}.Debug|Any CPU.ActiveCfg = Debug|Any CPU
		{795EB1E7-A2C3-4F5E-92C7-3DECD47BE8B2}.Debug|Any CPU.Build.0 = Debug|Any CPU
		{795EB1E7-A2C3-4F5E-92C7-3DECD47BE8B2}.Debug|x86.ActiveCfg = Debug|x86
		{795EB1E7-A2C3-4F5E-92C7-3DECD47BE8B2}.Debug|x86.Build.0 = Debug|x86
		{795EB1E7-A2C3-4F5E-92C7-3DECD47BE8B2}.Release|Any CPU.ActiveCfg = Release|Any CPU
		{795EB1E7-A2C3-4F5E-92C7-3DECD47BE8B2}.Release|Any CPU.Build.0 = Release|Any CPU
		{795EB1E7-A2C3-4F5E-92C7-3DECD47BE8B2}.Release|x86.ActiveCfg = Release|x86
		{795EB1E7-A2C3-4F5E-92C7-3DECD47BE8B2}.Release|x86.Build.0 = Release|x86
		{B27F4CF2-CCCA-4C3B-80B8-52752179C3BD}.Debug|Any CPU.ActiveCfg = Debug|Any CPU
		{B27F4CF2-CCCA-4C3B-80B8-52752179C3BD}.Debug|Any CPU.Build.0 = Debug|Any CPU
		{B27F4CF2-CCCA-4C3B-80B8-52752179C3BD}.Debug|x86.ActiveCfg = Debug|Any CPU
		{B27F4CF2-CCCA-4C3B-80B8-52752179C3BD}.Debug|x86.Build.0 = Debug|Any CPU
		{B27F4CF2-CCCA-4C3B-80B8-52752179C3BD}.Release|Any CPU.ActiveCfg = Release|Any CPU
		{B27F4CF2-CCCA-4C3B-80B8-52752179C3BD}.Release|Any CPU.Build.0 = Release|Any CPU
		{B27F4CF2-CCCA-4C3B-80B8-52752179C3BD}.Release|x86.ActiveCfg = Release|Any CPU
		{B27F4CF2-CCCA-4C3B-80B8-52752179C3BD}.Release|x86.Build.0 = Release|Any CPU
		{AA8F6036-AEA2-4DDD-B5B4-D173F19D1500}.Debug|Any CPU.ActiveCfg = Debug|Any CPU
		{AA8F6036-AEA2-4DDD-B5B4-D173F19D1500}.Debug|Any CPU.Build.0 = Debug|Any CPU
		{AA8F6036-AEA2-4DDD-B5B4-D173F19D1500}.Debug|x86.ActiveCfg = Debug|Any CPU
		{AA8F6036-AEA2-4DDD-B5B4-D173F19D1500}.Debug|x86.Build.0 = Debug|Any CPU
		{AA8F6036-AEA2-4DDD-B5B4-D173F19D1500}.Release|Any CPU.ActiveCfg = Release|Any CPU
		{AA8F6036-AEA2-4DDD-B5B4-D173F19D1500}.Release|Any CPU.Build.0 = Release|Any CPU
		{AA8F6036-AEA2-4DDD-B5B4-D173F19D1500}.Release|x86.ActiveCfg = Release|Any CPU
		{AA8F6036-AEA2-4DDD-B5B4-D173F19D1500}.Release|x86.Build.0 = Release|Any CPU
		{73A0BE37-0B32-407E-9C2A-3A957FFD3241}.Debug|Any CPU.ActiveCfg = Debug|Any CPU
		{73A0BE37-0B32-407E-9C2A-3A957FFD3241}.Debug|Any CPU.Build.0 = Debug|Any CPU
		{73A0BE37-0B32-407E-9C2A-3A957FFD3241}.Debug|x86.ActiveCfg = Debug|Any CPU
		{73A0BE37-0B32-407E-9C2A-3A957FFD3241}.Debug|x86.Build.0 = Debug|Any CPU
		{73A0BE37-0B32-407E-9C2A-3A957FFD3241}.Release|Any CPU.ActiveCfg = Release|Any CPU
		{73A0BE37-0B32-407E-9C2A-3A957FFD3241}.Release|Any CPU.Build.0 = Release|Any CPU
		{73A0BE37-0B32-407E-9C2A-3A957FFD3241}.Release|x86.ActiveCfg = Release|Any CPU
		{73A0BE37-0B32-407E-9C2A-3A957FFD3241}.Release|x86.Build.0 = Release|Any CPU
		{4847A648-D719-4A9A-B2FD-C5604A4A561A}.Debug|Any CPU.ActiveCfg = Debug|Any CPU
		{4847A648-D719-4A9A-B2FD-C5604A4A561A}.Debug|Any CPU.Build.0 = Debug|Any CPU
		{4847A648-D719-4A9A-B2FD-C5604A4A561A}.Debug|x86.ActiveCfg = Debug|Any CPU
		{4847A648-D719-4A9A-B2FD-C5604A4A561A}.Debug|x86.Build.0 = Debug|Any CPU
		{4847A648-D719-4A9A-B2FD-C5604A4A561A}.Release|Any CPU.ActiveCfg = Release|Any CPU
		{4847A648-D719-4A9A-B2FD-C5604A4A561A}.Release|Any CPU.Build.0 = Release|Any CPU
		{4847A648-D719-4A9A-B2FD-C5604A4A561A}.Release|x86.ActiveCfg = Release|Any CPU
		{4847A648-D719-4A9A-B2FD-C5604A4A561A}.Release|x86.Build.0 = Release|Any CPU
		{DC843ADC-8E80-4749-9CD2-E4EBC7ABA980}.Debug|Any CPU.ActiveCfg = Debug|Any CPU
		{DC843ADC-8E80-4749-9CD2-E4EBC7ABA980}.Debug|Any CPU.Build.0 = Debug|Any CPU
		{DC843ADC-8E80-4749-9CD2-E4EBC7ABA980}.Debug|x86.ActiveCfg = Debug|Any CPU
		{DC843ADC-8E80-4749-9CD2-E4EBC7ABA980}.Debug|x86.Build.0 = Debug|Any CPU
		{DC843ADC-8E80-4749-9CD2-E4EBC7ABA980}.Release|Any CPU.ActiveCfg = Release|Any CPU
		{DC843ADC-8E80-4749-9CD2-E4EBC7ABA980}.Release|Any CPU.Build.0 = Release|Any CPU
		{DC843ADC-8E80-4749-9CD2-E4EBC7ABA980}.Release|x86.ActiveCfg = Release|Any CPU
		{DC843ADC-8E80-4749-9CD2-E4EBC7ABA980}.Release|x86.Build.0 = Release|Any CPU
	EndGlobalSection
	GlobalSection(SolutionProperties) = preSolution
		HideSolutionNode = FALSE
	EndGlobalSection
	GlobalSection(ExtensibilityGlobals) = postSolution
		SolutionGuid = {20598723-6A97-48F2-9113-97531B1A14FF}
	EndGlobalSection
EndGlobal
